Microsoft Visual Studio Solution File, Format Version 12.00
# Visual Studio 15
VisualStudioVersion = 15.0.26430.14
MinimumVisualStudioVersion = 10.0.40219.1
Project("{D954291E-2A0B-460D-934E-DC6B0785DB48}") = "MahechaBJJ", "MahechaBJJ\MahechaBJJ.shproj", "{F176341A-55B8-41EE-AC84-FB3FADEB7F17}"
EndProject
Project("{FAE04EC0-301F-11D3-BF4B-00C04F79EFBC}") = "MahechaBJJ.iOS", "iOS\MahechaBJJ.iOS.csproj", "{D791D245-ACCE-4D0D-BF65-B046C0F5EF41}"
EndProject
Project("{FAE04EC0-301F-11D3-BF4B-00C04F79EFBC}") = "MahechaBJJ.Droid", "Droid\MahechaBJJ.Droid.csproj", "{4A7FB70C-C450-4C8F-A39E-EE1FFC1B294B}"
EndProject
Global
	GlobalSection(SharedMSBuildProjectFiles) = preSolution
		MahechaBJJ\MahechaBJJ.projitems*{4a7fb70c-c450-4c8f-a39e-ee1ffc1b294b}*SharedItemsImports = 4
		MahechaBJJ\MahechaBJJ.projitems*{d791d245-acce-4d0d-bf65-b046c0f5ef41}*SharedItemsImports = 4
		MahechaBJJ\MahechaBJJ.projitems*{f176341a-55b8-41ee-ac84-fb3fadeb7f17}*SharedItemsImports = 13
	EndGlobalSection
	GlobalSection(SolutionConfigurationPlatforms) = preSolution
		Debug|Any CPU = Debug|Any CPU
		Debug|iPhone = Debug|iPhone
		Debug|iPhoneSimulator = Debug|iPhoneSimulator
		Release|Any CPU = Release|Any CPU
		Release|iPhone = Release|iPhone
		Release|iPhoneSimulator = Release|iPhoneSimulator
	EndGlobalSection
	GlobalSection(ProjectConfigurationPlatforms) = postSolution
		{D791D245-ACCE-4D0D-BF65-B046C0F5EF41}.Debug|Any CPU.ActiveCfg = Debug|iPhoneSimulator
		{D791D245-ACCE-4D0D-BF65-B046C0F5EF41}.Debug|Any CPU.Build.0 = Debug|iPhoneSimulator
		{D791D245-ACCE-4D0D-BF65-B046C0F5EF41}.Debug|iPhone.ActiveCfg = Debug|iPhone
		{D791D245-ACCE-4D0D-BF65-B046C0F5EF41}.Debug|iPhone.Build.0 = Debug|iPhone
		{D791D245-ACCE-4D0D-BF65-B046C0F5EF41}.Debug|iPhoneSimulator.ActiveCfg = Debug|iPhoneSimulator
		{D791D245-ACCE-4D0D-BF65-B046C0F5EF41}.Debug|iPhoneSimulator.Build.0 = Debug|iPhoneSimulator
		{D791D245-ACCE-4D0D-BF65-B046C0F5EF41}.Release|Any CPU.ActiveCfg = Release|iPhone
		{D791D245-ACCE-4D0D-BF65-B046C0F5EF41}.Release|Any CPU.Build.0 = Release|iPhone
		{D791D245-ACCE-4D0D-BF65-B046C0F5EF41}.Release|iPhone.ActiveCfg = Release|iPhone
		{D791D245-ACCE-4D0D-BF65-B046C0F5EF41}.Release|iPhone.Build.0 = Release|iPhone
		{D791D245-ACCE-4D0D-BF65-B046C0F5EF41}.Release|iPhoneSimulator.ActiveCfg = Release|iPhoneSimulator
		{D791D245-ACCE-4D0D-BF65-B046C0F5EF41}.Release|iPhoneSimulator.Build.0 = Release|iPhoneSimulator
		{4A7FB70C-C450-4C8F-A39E-EE1FFC1B294B}.Debug|Any CPU.ActiveCfg = Debug|Any CPU
		{4A7FB70C-C450-4C8F-A39E-EE1FFC1B294B}.Debug|Any CPU.Build.0 = Debug|Any CPU
		{4A7FB70C-C450-4C8F-A39E-EE1FFC1B294B}.Debug|iPhone.ActiveCfg = Debug|Any CPU
		{4A7FB70C-C450-4C8F-A39E-EE1FFC1B294B}.Debug|iPhone.Build.0 = Debug|Any CPU
		{4A7FB70C-C450-4C8F-A39E-EE1FFC1B294B}.Debug|iPhoneSimulator.ActiveCfg = Debug|Any CPU
		{4A7FB70C-C450-4C8F-A39E-EE1FFC1B294B}.Debug|iPhoneSimulator.Build.0 = Debug|Any CPU
		{4A7FB70C-C450-4C8F-A39E-EE1FFC1B294B}.Release|Any CPU.ActiveCfg = Release|Any CPU
		{4A7FB70C-C450-4C8F-A39E-EE1FFC1B294B}.Release|Any CPU.Build.0 = Release|Any CPU
		{4A7FB70C-C450-4C8F-A39E-EE1FFC1B294B}.Release|iPhone.ActiveCfg = Release|Any CPU
		{4A7FB70C-C450-4C8F-A39E-EE1FFC1B294B}.Release|iPhone.Build.0 = Release|Any CPU
		{4A7FB70C-C450-4C8F-A39E-EE1FFC1B294B}.Release|iPhoneSimulator.ActiveCfg = Release|Any CPU
		{4A7FB70C-C450-4C8F-A39E-EE1FFC1B294B}.Release|iPhoneSimulator.Build.0 = Release|Any CPU
	EndGlobalSection
	GlobalSection(SolutionProperties) = preSolution
		HideSolutionNode = FALSE
	EndGlobalSection
EndGlobal
